# THIS IS AN AUTOGENERATED FILE. DO NOT EDIT THIS FILE DIRECTLY.
# yarn lockfile v1


"@faker-js/faker@^8.1.0":
  "integrity" "sha512-38DT60rumHfBYynif3lmtxMqMqmsOQIxQgEuPZxCk2yUYN0eqWpTACgxi0VpidvsJB8CRxCpvP7B3anK85FjtQ=="
  "resolved" "https://registry.npmjs.org/@faker-js/faker/-/faker-8.1.0.tgz"
  "version" "8.1.0"

"@playwright/test@^1.37.1":
  "integrity" "sha512-bq9zTli3vWJo8S3LwB91U0qDNQDpEXnw7knhxLM0nwDvexQAwx9tO8iKDZSqqneVq+URd/WIoz+BALMqUTgdSg=="
  "resolved" "https://registry.npmjs.org/@playwright/test/-/test-1.37.1.tgz"
  "version" "1.37.1"
  dependencies:
    "@types/node" "*"
    "playwright-core" "1.37.1"
  optionalDependencies:
    "fsevents" "2.3.2"

"@types/node@*":
  "integrity" "sha512-Gi5wRGPbbyOTX+4Y2iULQ27oUPrefaB0PxGQJnfyWN3kvEDGM3mIB5M/gQLmitZf7A9FmLeaqxD3L1CXpm3VKQ=="
  "resolved" "https://registry.npmjs.org/@types/node/-/node-20.5.6.tgz"
  "version" "20.5.6"

"allure-js-commons@2.6.0":
  "integrity" "sha512-J+DVJeFiIKXFxPv6M26ypFp3TvndAbiWYBpCEGbsN5+MbST3l4PldlKJADWQHTCkBSQGzZo+g1VX6ChjTK+0gw=="
  "resolved" "https://registry.npmjs.org/allure-js-commons/-/allure-js-commons-2.6.0.tgz"
  "version" "2.6.0"
  dependencies:
    "properties" "^1.2.1"
    "uuid" "^8.3.0"

"allure-playwright@^2.6.0":
  "integrity" "sha512-djJCANXhP87mKx8GYcjtWbxqb/aXR+FzQqF4WnK5Mxo0y2wXJbDhEB/e0U4BCu8gWY0zBGRkkIuSayDrFxLj6Q=="
  "resolved" "https://registry.npmjs.org/allure-playwright/-/allure-playwright-2.6.0.tgz"
  "version" "2.6.0"
  dependencies:
    "allure-js-commons" "2.6.0"

"fsevents@2.3.2":
  "integrity" "sha512-xiqMQR4xAeHTuB9uWm+fFRcIOgKBMiOBP+eXiyT7jsgVCq1bkVygt00oASowB7EdtpOHaaPgKt812P9ab+DDKA=="
  "resolved" "https://registry.npmjs.org/fsevents/-/fsevents-2.3.2.tgz"
  "version" "2.3.2"

"playwright-core@1.37.1":
  "integrity" "sha512-17EuQxlSIYCmEMwzMqusJ2ztDgJePjrbttaefgdsiqeLWidjYz9BxXaTaZWxH1J95SHGk6tjE+dwgWILJoUZfA=="
  "resolved" "https://registry.npmjs.org/playwright-core/-/playwright-core-1.37.1.tgz"
  "version" "1.37.1"

"properties@^1.2.1":
  "integrity" "sha512-qYNxyMj1JeW54i/EWEFsM1cVwxJbtgPp8+0Wg9XjNaK6VE/c4oRi6PNu5p7w1mNXEIQIjV5Wwn8v8Gz82/QzdQ=="
  "resolved" "https://registry.npmjs.org/properties/-/properties-1.2.1.tgz"
  "version" "1.2.1"

"uuid@^8.3.0":
  "integrity" "sha512-+NYs2QeMWy+GWFOEm9xnn6HCDp0l7QBD7ml8zLUmJ+93Q5NF0NocErnwkTkXVFNiX3/fpC6afS8Dhb/gz7R7eg=="
  "resolved" "https://registry.npmjs.org/uuid/-/uuid-8.3.2.tgz"
  "version" "8.3.2"
